
Microsoft Visual Studio Solution File, Format Version 12.00
# Visual Studio Version 17
VisualStudioVersion = 17.14.36623.8 d17.14
MinimumVisualStudioVersion = 10.0.40219.1
Project("{FAE04EC0-301F-11D3-BF4B-00C04F79EFBC}") = "HealthcareAppointmentSystem", "HealthcareAppointmentSystem\HealthcareAppointmentSystem.csproj", "{6220476B-298A-4003-A331-A375150EB96C}"
EndProject
Global
	GlobalSection(SolutionConfigurationPlatforms) = preSolution
		Debug|Any CPU = Debug|Any CPU
		Release|Any CPU = Release|Any CPU
	EndGlobalSection
	GlobalSection(ProjectConfigurationPlatforms) = postSolution
		{6220476B-298A-4003-A331-A375150EB96C}.Debug|Any CPU.ActiveCfg = Debug|Any CPU
		{6220476B-298A-4003-A331-A375150EB96C}.Debug|Any CPU.Build.0 = Debug|Any CPU
		{6220476B-298A-4003-A331-A375150EB96C}.Release|Any CPU.ActiveCfg = Release|Any CPU
		{6220476B-298A-4003-A331-A375150EB96C}.Release|Any CPU.Build.0 = Release|Any CPU
	EndGlobalSection
	GlobalSection(SolutionProperties) = preSolution
		HideSolutionNode = FALSE
	EndGlobalSection
	GlobalSection(ExtensibilityGlobals) = postSolution
		SolutionGuid = {0595668A-6BA2-4C0B-BA3A-81F8F2BCB91B}
	EndGlobalSection
EndGlobal
